
Microsoft Visual Studio Solution File, Format Version 12.00
# Visual Studio Version 17
VisualStudioVersion = 17.3.32825.248
MinimumVisualStudioVersion = 10.0.40219.1
Project("{FAE04EC0-301F-11D3-BF4B-00C04F79EFBC}") = "CGEscalonaChaElecciones", "CGEscalonaChaElecciones\CGEscalonaChaElecciones.csproj", "{EA1864B3-F9D6-41B0-AB14-FFE19F1FC1B1}"
EndProject
Global
	GlobalSection(SolutionConfigurationPlatforms) = preSolution
		Debug|Any CPU = Debug|Any CPU
		Release|Any CPU = Release|Any CPU
	EndGlobalSection
	GlobalSection(ProjectConfigurationPlatforms) = postSolution
		{EA1864B3-F9D6-41B0-AB14-FFE19F1FC1B1}.Debug|Any CPU.ActiveCfg = Debug|Any CPU
		{EA1864B3-F9D6-41B0-AB14-FFE19F1FC1B1}.Debug|Any CPU.Build.0 = Debug|Any CPU
		{EA1864B3-F9D6-41B0-AB14-FFE19F1FC1B1}.Release|Any CPU.ActiveCfg = Release|Any CPU
		{EA1864B3-F9D6-41B0-AB14-FFE19F1FC1B1}.Release|Any CPU.Build.0 = Release|Any CPU
	EndGlobalSection
	GlobalSection(SolutionProperties) = preSolution
		HideSolutionNode = FALSE
	EndGlobalSection
	GlobalSection(ExtensibilityGlobals) = postSolution
		SolutionGuid = {96197E5D-0C7E-4077-95BC-6A08B74ACA5C}
	EndGlobalSection
EndGlobal
